
Microsoft Visual Studio Solution File, Format Version 12.00
# Visual Studio Version 17
VisualStudioVersion = 17.14.36511.14 d17.14
MinimumVisualStudioVersion = 10.0.40219.1
Project("{FAE04EC0-301F-11D3-BF4B-00C04F79EFBC}") = "Examen1GFAD", "Examen1GFAD\Examen1GFAD.csproj", "{4FE4EF27-A667-424E-8E32-7E218254C0EE}"
EndProject
Global
	GlobalSection(SolutionConfigurationPlatforms) = preSolution
		Debug|Any CPU = Debug|Any CPU
		Release|Any CPU = Release|Any CPU
	EndGlobalSection
	GlobalSection(ProjectConfigurationPlatforms) = postSolution
		{4FE4EF27-A667-424E-8E32-7E218254C0EE}.Debug|Any CPU.ActiveCfg = Debug|Any CPU
		{4FE4EF27-A667-424E-8E32-7E218254C0EE}.Debug|Any CPU.Build.0 = Debug|Any CPU
		{4FE4EF27-A667-424E-8E32-7E218254C0EE}.Release|Any CPU.ActiveCfg = Release|Any CPU
		{4FE4EF27-A667-424E-8E32-7E218254C0EE}.Release|Any CPU.Build.0 = Release|Any CPU
	EndGlobalSection
	GlobalSection(SolutionProperties) = preSolution
		HideSolutionNode = FALSE
	EndGlobalSection
	GlobalSection(ExtensibilityGlobals) = postSolution
		SolutionGuid = {7413D5A6-0E8B-45D5-BC33-47370F3CC87D}
	EndGlobalSection
EndGlobal
